
Microsoft Visual Studio Solution File, Format Version 12.00
# Visual Studio Version 16
VisualStudioVersion = 16.0.29102.190
MinimumVisualStudioVersion = 10.0.40219.1
Project("{FAE04EC0-301F-11D3-BF4B-00C04F79EFBC}") = "Automata theory", "Automata theory\Automata theory.csproj", "{12E1FD4E-828E-4700-8564-A4732961F25A}"
EndProject
Global
	GlobalSection(SolutionConfigurationPlatforms) = preSolution
		Debug|Any CPU = Debug|Any CPU
		Release|Any CPU = Release|Any CPU
	EndGlobalSection
	GlobalSection(ProjectConfigurationPlatforms) = postSolution
		{12E1FD4E-828E-4700-8564-A4732961F25A}.Debug|Any CPU.ActiveCfg = Debug|Any CPU
		{12E1FD4E-828E-4700-8564-A4732961F25A}.Debug|Any CPU.Build.0 = Debug|Any CPU
		{12E1FD4E-828E-4700-8564-A4732961F25A}.Release|Any CPU.ActiveCfg = Release|Any CPU
		{12E1FD4E-828E-4700-8564-A4732961F25A}.Release|Any CPU.Build.0 = Release|Any CPU
	EndGlobalSection
	GlobalSection(SolutionProperties) = preSolution
		HideSolutionNode = FALSE
	EndGlobalSection
	GlobalSection(ExtensibilityGlobals) = postSolution
		SolutionGuid = {549C7926-E47E-4CCC-BB9C-C5FF6CD7B539}
	EndGlobalSection
EndGlobal
